
Microsoft Visual Studio Solution File, Format Version 12.00
# Visual Studio Version 17
VisualStudioVersion = 17.14.36518.9 d17.14
MinimumVisualStudioVersion = 10.0.40219.1
Project("{8BC9CEB8-8B4A-11D0-8D11-00A0C91BC942}") = "Assignment5", "Assignment5.vcxproj", "{87EA1CF6-BCC9-46BD-AFCA-33773B2D19D3}"
EndProject
Global
	GlobalSection(SolutionConfigurationPlatforms) = preSolution
		Debug|x64 = Debug|x64
		Debug|x86 = Debug|x86
		Release|x64 = Release|x64
		Release|x86 = Release|x86
	EndGlobalSection
	GlobalSection(ProjectConfigurationPlatforms) = postSolution
		{87EA1CF6-BCC9-46BD-AFCA-33773B2D19D3}.Debug|x64.ActiveCfg = Debug|x64
		{87EA1CF6-BCC9-46BD-AFCA-33773B2D19D3}.Debug|x64.Build.0 = Debug|x64
		{87EA1CF6-BCC9-46BD-AFCA-33773B2D19D3}.Debug|x86.ActiveCfg = Debug|Win32
		{87EA1CF6-BCC9-46BD-AFCA-33773B2D19D3}.Debug|x86.Build.0 = Debug|Win32
		{87EA1CF6-BCC9-46BD-AFCA-33773B2D19D3}.Release|x64.ActiveCfg = Release|x64
		{87EA1CF6-BCC9-46BD-AFCA-33773B2D19D3}.Release|x64.Build.0 = Release|x64
		{87EA1CF6-BCC9-46BD-AFCA-33773B2D19D3}.Release|x86.ActiveCfg = Release|Win32
		{87EA1CF6-BCC9-46BD-AFCA-33773B2D19D3}.Release|x86.Build.0 = Release|Win32
	EndGlobalSection
	GlobalSection(SolutionProperties) = preSolution
		HideSolutionNode = FALSE
	EndGlobalSection
	GlobalSection(ExtensibilityGlobals) = postSolution
		SolutionGuid = {788BBA74-6B8D-4886-BFC3-725D56938322}
	EndGlobalSection
EndGlobal
